// !$*UTF8*$!
{
	archiveVersion = 1;
	classes = {
	};
	objectVersion = 46;
	objects = {

/* Begin PBXBuildFile section */
		EB4117B0138828E700C3FABD /* 103005_glasses.png in Resources */ = {isa = PBXBuildFile; fileRef = EB4117AF138828E700C3FABD /* 103005_glasses.png */; };
		EB77CB7515489327000FBCC8 /* MMQGraphViewController.m in Sources */ = {isa = PBXBuildFile; fileRef = EB77CB7415489327000FBCC8 /* MMQGraphViewController.m */; };
		EB77CD191549ECE4000FBCC8 /* QuartzCore.framework in Frameworks */ = {isa = PBXBuildFile; fileRef = EB77CD181549ECE4000FBCC8 /* QuartzCore.framework */; };
		EB77CD1C1549F03A000FBCC8 /* MMQGraphViewController.xib in Resources */ = {isa = PBXBuildFile; fileRef = EB77CD1B1549F03A000FBCC8 /* MMQGraphViewController.xib */; };
		EB77CD39154A2D0F000FBCC8 /* libCorePlot-CocoaTouch.a in Frameworks */ = {isa = PBXBuildFile; fileRef = EB77CD161549EC08000FBCC8 /* libCorePlot-CocoaTouch.a */; };
		EB7949D1148D8E30008A4E1E /* MMQPointCell.xib in Resources */ = {isa = PBXBuildFile; fileRef = EB7949D0148D8E30008A4E1E /* MMQPointCell.xib */; };
		EB794A0B148D9A06008A4E1E /* MMQPointDetailViewController.m in Sources */ = {isa = PBXBuildFile; fileRef = EB794A09148D9A06008A4E1E /* MMQPointDetailViewController.m */; };
		EB794A0C148D9A06008A4E1E /* MMQPointDetailViewController.xib in Resources */ = {isa = PBXBuildFile; fileRef = EB794A0A148D9A06008A4E1E /* MMQPointDetailViewController.xib */; };
		EB859ECA148D8CC0003DD0F6 /* MMQPointCell.m in Sources */ = {isa = PBXBuildFile; fileRef = EB859EC9148D8CC0003DD0F6 /* MMQPointCell.m */; };
		EBA59F66154A517B005E844D /* MMQGraphViewController_iPad.xib in Resources */ = {isa = PBXBuildFile; fileRef = EBA59F65154A517B005E844D /* MMQGraphViewController_iPad.xib */; };
		EBB71336154A43DC00B69CD8 /* iPadWindow.xib in Resources */ = {isa = PBXBuildFile; fileRef = EBB71335154A43DC00B69CD8 /* iPadWindow.xib */; };
		EBF948D413811F7000F09B86 /* UIKit.framework in Frameworks */ = {isa = PBXBuildFile; fileRef = EBF948D313811F7000F09B86 /* UIKit.framework */; };
		EBF948D613811F7000F09B86 /* Foundation.framework in Frameworks */ = {isa = PBXBuildFile; fileRef = EBF948D513811F7000F09B86 /* Foundation.framework */; };
		EBF948D813811F7000F09B86 /* CoreGraphics.framework in Frameworks */ = {isa = PBXBuildFile; fileRef = EBF948D713811F7000F09B86 /* CoreGraphics.framework */; };
		EBF948DE13811F7000F09B86 /* InfoPlist.strings in Resources */ = {isa = PBXBuildFile; fileRef = EBF948DC13811F7000F09B86 /* InfoPlist.strings */; };
		EBF948E113811F7000F09B86 /* main.m in Sources */ = {isa = PBXBuildFile; fileRef = EBF948E013811F7000F09B86 /* main.m */; };
		EBF948E413811F7000F09B86 /* MMQAppDelegate.m in Sources */ = {isa = PBXBuildFile; fileRef = EBF948E313811F7000F09B86 /* MMQAppDelegate.m */; };
		EBF948E713811F7000F09B86 /* iPhoneWindow.xib in Resources */ = {isa = PBXBuildFile; fileRef = EBF948E513811F7000F09B86 /* iPhoneWindow.xib */; };
		EBF948EA13811F7000F09B86 /* MMQViewController.m in Sources */ = {isa = PBXBuildFile; fileRef = EBF948E913811F7000F09B86 /* MMQViewController.m */; };
		EBF948ED13811F7000F09B86 /* MMQViewController.xib in Resources */ = {isa = PBXBuildFile; fileRef = EBF948EB13811F7000F09B86 /* MMQViewController.xib */; };
/* End PBXBuildFile section */

/* Begin PBXContainerItemProxy section */
		EB77CD151549EC08000FBCC8 /* PBXContainerItemProxy */ = {
			isa = PBXContainerItemProxy;
			containerPortal = EB77CD0C1549EC08000FBCC8 /* CorePlot-CocoaTouch.xcodeproj */;
			proxyType = 2;
			remoteGlobalIDString = BC9B83470FB8A0A40035D8DA;
			remoteInfo = "CorePlot-CocoaTouch";
		};
		EBB7131E154A2E1800B69CD8 /* PBXContainerItemProxy */ = {
			isa = PBXContainerItemProxy;
			containerPortal = EB77CD0C1549EC08000FBCC8 /* CorePlot-CocoaTouch.xcodeproj */;
			proxyType = 1;
			remoteGlobalIDString = BC9B83460FB8A0A40035D8DA;
			remoteInfo = "CorePlot-CocoaTouch";
		};
/* End PBXContainerItemProxy section */

/* Begin PBXFileReference section */
		EB4117AF138828E700C3FABD /* 103005_glasses.png */ = {isa = PBXFileReference; lastKnownFileType = image.png; path = 103005_glasses.png; sourceTree = "<group>"; };
		EB77CB7315489327000FBCC8 /* MMQGraphViewController.h */ = {isa = PBXFileReference; fileEncoding = 4; lastKnownFileType = sourcecode.c.h; path = MMQGraphViewController.h; sourceTree = "<group>"; };
		EB77CB7415489327000FBCC8 /* MMQGraphViewController.m */ = {isa = PBXFileReference; fileEncoding = 4; lastKnownFileType = sourcecode.c.objc; path = MMQGraphViewController.m; sourceTree = "<group>"; };
		EB77CD0C1549EC08000FBCC8 /* CorePlot-CocoaTouch.xcodeproj */ = {isa = PBXFileReference; lastKnownFileType = "wrapper.pb-project"; name = "CorePlot-CocoaTouch.xcodeproj"; path = "../../../Downloads/CorePlot_1.0/Source/framework/CorePlot-CocoaTouch.xcodeproj"; sourceTree = "<group>"; };
		EB77CD181549ECE4000FBCC8 /* QuartzCore.framework */ = {isa = PBXFileReference; lastKnownFileType = wrapper.framework; name = QuartzCore.framework; path = System/Library/Frameworks/QuartzCore.framework; sourceTree = SDKROOT; };
		EB77CD1B1549F03A000FBCC8 /* MMQGraphViewController.xib */ = {isa = PBXFileReference; fileEncoding = 4; lastKnownFileType = file.xib; path = MMQGraphViewController.xib; sourceTree = "<group>"; };
		EB7949D0148D8E30008A4E1E /* MMQPointCell.xib */ = {isa = PBXFileReference; fileEncoding = 4; lastKnownFileType = file.xib; name = MMQPointCell.xib; path = MMQ/MMQPointCell.xib; sourceTree = "<group>"; };
		EB794A08148D9A06008A4E1E /* MMQPointDetailViewController.h */ = {isa = PBXFileReference; fileEncoding = 4; lastKnownFileType = sourcecode.c.h; path = MMQPointDetailViewController.h; sourceTree = "<group>"; };
		EB794A09148D9A06008A4E1E /* MMQPointDetailViewController.m */ = {isa = PBXFileReference; fileEncoding = 4; lastKnownFileType = sourcecode.c.objc; path = MMQPointDetailViewController.m; sourceTree = "<group>"; };
		EB794A0A148D9A06008A4E1E /* MMQPointDetailViewController.xib */ = {isa = PBXFileReference; fileEncoding = 4; lastKnownFileType = file.xib; name = MMQPointDetailViewController.xib; path = MMQ/MMQPointDetailViewController.xib; sourceTree = "<group>"; };
		EB859EC8148D8CC0003DD0F6 /* MMQPointCell.h */ = {isa = PBXFileReference; fileEncoding = 4; lastKnownFileType = sourcecode.c.h; path = MMQPointCell.h; sourceTree = SOURCE_ROOT; };
		EB859EC9148D8CC0003DD0F6 /* MMQPointCell.m */ = {isa = PBXFileReference; fileEncoding = 4; lastKnownFileType = sourcecode.c.objc; path = MMQPointCell.m; sourceTree = SOURCE_ROOT; };
		EBA59F65154A517B005E844D /* MMQGraphViewController_iPad.xib */ = {isa = PBXFileReference; fileEncoding = 4; lastKnownFileType = file.xib; path = MMQGraphViewController_iPad.xib; sourceTree = "<group>"; };
		EBB71335154A43DC00B69CD8 /* iPadWindow.xib */ = {isa = PBXFileReference; fileEncoding = 4; lastKnownFileType = file.xib; path = iPadWindow.xib; sourceTree = "<group>"; };
		EBF948CF13811F7000F09B86 /* MMQ.app */ = {isa = PBXFileReference; explicitFileType = wrapper.application; includeInIndex = 0; path = MMQ.app; sourceTree = BUILT_PRODUCTS_DIR; };
		EBF948D313811F7000F09B86 /* UIKit.framework */ = {isa = PBXFileReference; lastKnownFileType = wrapper.framework; name = UIKit.framework; path = System/Library/Frameworks/UIKit.framework; sourceTree = SDKROOT; };
		EBF948D513811F7000F09B86 /* Foundation.framework */ = {isa = PBXFileReference; lastKnownFileType = wrapper.framework; name = Foundation.framework; path = System/Library/Frameworks/Foundation.framework; sourceTree = SDKROOT; };
		EBF948D713811F7000F09B86 /* CoreGraphics.framework */ = {isa = PBXFileReference; lastKnownFileType = wrapper.framework; name = CoreGraphics.framework; path = System/Library/Frameworks/CoreGraphics.framework; sourceTree = SDKROOT; };
		EBF948DB13811F7000F09B86 /* MMQ-Info.plist */ = {isa = PBXFileReference; lastKnownFileType = text.plist.xml; path = "MMQ-Info.plist"; sourceTree = "<group>"; };
		EBF948DD13811F7000F09B86 /* en */ = {isa = PBXFileReference; lastKnownFileType = text.plist.strings; name = en; path = en.lproj/InfoPlist.strings; sourceTree = "<group>"; };
		EBF948DF13811F7000F09B86 /* MMQ-Prefix.pch */ = {isa = PBXFileReference; lastKnownFileType = sourcecode.c.h; path = "MMQ-Prefix.pch"; sourceTree = "<group>"; };
		EBF948E013811F7000F09B86 /* main.m */ = {isa = PBXFileReference; lastKnownFileType = sourcecode.c.objc; path = main.m; sourceTree = "<group>"; };
		EBF948E213811F7000F09B86 /* MMQAppDelegate.h */ = {isa = PBXFileReference; lastKnownFileType = sourcecode.c.h; path = MMQAppDelegate.h; sourceTree = "<group>"; };
		EBF948E313811F7000F09B86 /* MMQAppDelegate.m */ = {isa = PBXFileReference; lastKnownFileType = sourcecode.c.objc; path = MMQAppDelegate.m; sourceTree = "<group>"; };
		EBF948E613811F7000F09B86 /* en */ = {isa = PBXFileReference; lastKnownFileType = file.xib; name = en; path = en.lproj/iPhoneWindow.xib; sourceTree = "<group>"; };
		EBF948E813811F7000F09B86 /* MMQViewController.h */ = {isa = PBXFileReference; lastKnownFileType = sourcecode.c.h; path = MMQViewController.h; sourceTree = "<group>"; };
		EBF948E913811F7000F09B86 /* MMQViewController.m */ = {isa = PBXFileReference; lastKnownFileType = sourcecode.c.objc; path = MMQViewController.m; sourceTree = "<group>"; };
		EBF948EC13811F7000F09B86 /* en */ = {isa = PBXFileReference; lastKnownFileType = file.xib; name = en; path = en.lproj/MMQViewController.xib; sourceTree = "<group>"; };
		EBF948FB13811F7100F09B86 /* MMQTests-Info.plist */ = {isa = PBXFileReference; lastKnownFileType = text.plist.xml; path = "MMQTests-Info.plist"; sourceTree = "<group>"; };
		EBF948FD13811F7100F09B86 /* en */ = {isa = PBXFileReference; lastKnownFileType = text.plist.strings; name = en; path = en.lproj/InfoPlist.strings; sourceTree = "<group>"; };
		EBF948FF13811F7100F09B86 /* MMQTests-Prefix.pch */ = {isa = PBXFileReference; lastKnownFileType = sourcecode.c.h; path = "MMQTests-Prefix.pch"; sourceTree = "<group>"; };
		EBF9490013811F7100F09B86 /* MMQTests.h */ = {isa = PBXFileReference; lastKnownFileType = sourcecode.c.h; path = MMQTests.h; sourceTree = "<group>"; };
		EBF9490213811F7100F09B86 /* MMQTests.m */ = {isa = PBXFileReference; lastKnownFileType = sourcecode.c.objc; path = MMQTests.m; sourceTree = "<group>"; };
/* End PBXFileReference section */

/* Begin PBXFrameworksBuildPhase section */
		EBF948CC13811F7000F09B86 /* Frameworks */ = {
			isa = PBXFrameworksBuildPhase;
			buildActionMask = 2147483647;
			files = (
				EB77CD39154A2D0F000FBCC8 /* libCorePlot-CocoaTouch.a in Frameworks */,
				EB77CD191549ECE4000FBCC8 /* QuartzCore.framework in Frameworks */,
				EBF948D413811F7000F09B86 /* UIKit.framework in Frameworks */,
				EBF948D613811F7000F09B86 /* Foundation.framework in Frameworks */,
				EBF948D813811F7000F09B86 /* CoreGraphics.framework in Frameworks */,
			);
			runOnlyForDeploymentPostprocessing = 0;
		};
/* End PBXFrameworksBuildPhase section */

/* Begin PBXGroup section */
		EB6DE601148DAD7400AD3899 /* Interfaces */ = {
			isa = PBXGroup;
			children = (
				EBF948E513811F7000F09B86 /* iPhoneWindow.xib */,
				EBB71335154A43DC00B69CD8 /* iPadWindow.xib */,
				EBF948EB13811F7000F09B86 /* MMQViewController.xib */,
				EB7949D0148D8E30008A4E1E /* MMQPointCell.xib */,
				EB794A0A148D9A06008A4E1E /* MMQPointDetailViewController.xib */,
				EB77CD1B1549F03A000FBCC8 /* MMQGraphViewController.xib */,
				EBA59F65154A517B005E844D /* MMQGraphViewController_iPad.xib */,
			);
			name = Interfaces;
			path = ..;
			sourceTree = "<group>";
		};
		EB77CD0D1549EC08000FBCC8 /* Products */ = {
			isa = PBXGroup;
			children = (
				EB77CD161549EC08000FBCC8 /* libCorePlot-CocoaTouch.a */,
			);
			name = Products;
			sourceTree = "<group>";
		};
		EBF948C413811F7000F09B86 = {
			isa = PBXGroup;
			children = (
				EB4117AF138828E700C3FABD /* 103005_glasses.png */,
				EBF948D913811F7000F09B86 /* MMQ */,
				EBF948F913811F7100F09B86 /* MMQTests */,
				EBF948D213811F7000F09B86 /* Frameworks */,
				EBF948D013811F7000F09B86 /* Products */,
			);
			sourceTree = "<group>";
		};
		EBF948D013811F7000F09B86 /* Products */ = {
			isa = PBXGroup;
			children = (
				EBF948CF13811F7000F09B86 /* MMQ.app */,
			);
			name = Products;
			sourceTree = "<group>";
		};
		EBF948D213811F7000F09B86 /* Frameworks */ = {
			isa = PBXGroup;
			children = (
				EB77CD0C1549EC08000FBCC8 /* CorePlot-CocoaTouch.xcodeproj */,
				EB77CD181549ECE4000FBCC8 /* QuartzCore.framework */,
				EBF948D313811F7000F09B86 /* UIKit.framework */,
				EBF948D513811F7000F09B86 /* Foundation.framework */,
				EBF948D713811F7000F09B86 /* CoreGraphics.framework */,
			);
			name = Frameworks;
			sourceTree = "<group>";
		};
		EBF948D913811F7000F09B86 /* MMQ */ = {
			isa = PBXGroup;
			children = (
				EBF948E213811F7000F09B86 /* MMQAppDelegate.h */,
				EBF948E313811F7000F09B86 /* MMQAppDelegate.m */,
				EBF948E813811F7000F09B86 /* MMQViewController.h */,
				EBF948E913811F7000F09B86 /* MMQViewController.m */,
				EB859EC8148D8CC0003DD0F6 /* MMQPointCell.h */,
				EB859EC9148D8CC0003DD0F6 /* MMQPointCell.m */,
				EB794A08148D9A06008A4E1E /* MMQPointDetailViewController.h */,
				EB794A09148D9A06008A4E1E /* MMQPointDetailViewController.m */,
				EB77CB7315489327000FBCC8 /* MMQGraphViewController.h */,
				EB77CB7415489327000FBCC8 /* MMQGraphViewController.m */,
				EB6DE601148DAD7400AD3899 /* Interfaces */,
				EBF948DA13811F7000F09B86 /* Supporting Files */,
			);
			path = MMQ;
			sourceTree = "<group>";
		};
		EBF948DA13811F7000F09B86 /* Supporting Files */ = {
			isa = PBXGroup;
			children = (
				EBF948DB13811F7000F09B86 /* MMQ-Info.plist */,
				EBF948DC13811F7000F09B86 /* InfoPlist.strings */,
				EBF948DF13811F7000F09B86 /* MMQ-Prefix.pch */,
				EBF948E013811F7000F09B86 /* main.m */,
			);
			name = "Supporting Files";
			sourceTree = "<group>";
		};
		EBF948F913811F7100F09B86 /* MMQTests */ = {
			isa = PBXGroup;
			children = (
				EBF9490013811F7100F09B86 /* MMQTests.h */,
				EBF9490213811F7100F09B86 /* MMQTests.m */,
				EBF948FA13811F7100F09B86 /* Supporting Files */,
			);
			path = MMQTests;
			sourceTree = "<group>";
		};
		EBF948FA13811F7100F09B86 /* Supporting Files */ = {
			isa = PBXGroup;
			children = (
				EBF948FB13811F7100F09B86 /* MMQTests-Info.plist */,
				EBF948FC13811F7100F09B86 /* InfoPlist.strings */,
				EBF948FF13811F7100F09B86 /* MMQTests-Prefix.pch */,
			);
			name = "Supporting Files";
			sourceTree = "<group>";
		};
/* End PBXGroup section */

/* Begin PBXNativeTarget section */
		EBF948CE13811F7000F09B86 /* MMQ */ = {
			isa = PBXNativeTarget;
			buildConfigurationList = EBF9490613811F7100F09B86 /* Build configuration list for PBXNativeTarget "MMQ" */;
			buildPhases = (
				EBF948CB13811F7000F09B86 /* Sources */,
				EBF948CC13811F7000F09B86 /* Frameworks */,
				EBF948CD13811F7000F09B86 /* Resources */,
			);
			buildRules = (
			);
			dependencies = (
				EBB7131F154A2E1800B69CD8 /* PBXTargetDependency */,
			);
			name = MMQ;
			productName = MMQ;
			productReference = EBF948CF13811F7000F09B86 /* MMQ.app */;
			productType = "com.apple.product-type.application";
		};
/* End PBXNativeTarget section */

/* Begin PBXProject section */
		EBF948C613811F7000F09B86 /* Project object */ = {
			isa = PBXProject;
			attributes = {
				LastUpgradeCheck = 0430;
				ORGANIZATIONNAME = pedrogoes.info;
			};
			buildConfigurationList = EBF948C913811F7000F09B86 /* Build configuration list for PBXProject "MMQ" */;
			compatibilityVersion = "Xcode 3.2";
			developmentRegion = English;
			hasScannedForEncodings = 0;
			knownRegions = (
				en,
				English,
			);
			mainGroup = EBF948C413811F7000F09B86;
			productRefGroup = EBF948D013811F7000F09B86 /* Products */;
			projectDirPath = "";
			projectReferences = (
				{
					ProductGroup = EB77CD0D1549EC08000FBCC8 /* Products */;
					ProjectRef = EB77CD0C1549EC08000FBCC8 /* CorePlot-CocoaTouch.xcodeproj */;
				},
			);
			projectRoot = "";
			targets = (
				EBF948CE13811F7000F09B86 /* MMQ */,
			);
		};
/* End PBXProject section */

/* Begin PBXReferenceProxy section */
		EB77CD161549EC08000FBCC8 /* libCorePlot-CocoaTouch.a */ = {
			isa = PBXReferenceProxy;
			fileType = archive.ar;
			path = "libCorePlot-CocoaTouch.a";
			remoteRef = EB77CD151549EC08000FBCC8 /* PBXContainerItemProxy */;
			sourceTree = BUILT_PRODUCTS_DIR;
		};
/* End PBXReferenceProxy section */

/* Begin PBXResourcesBuildPhase section */
		EBF948CD13811F7000F09B86 /* Resources */ = {
			isa = PBXResourcesBuildPhase;
			buildActionMask = 2147483647;
			files = (
				EBF948DE13811F7000F09B86 /* InfoPlist.strings in Resources */,
				EBF948E713811F7000F09B86 /* iPhoneWindow.xib in Resources */,
				EBF948ED13811F7000F09B86 /* MMQViewController.xib in Resources */,
				EB4117B0138828E700C3FABD /* 103005_glasses.png in Resources */,
				EB7949D1148D8E30008A4E1E /* MMQPointCell.xib in Resources */,
				EB794A0C148D9A06008A4E1E /* MMQPointDetailViewController.xib in Resources */,
				EB77CD1C1549F03A000FBCC8 /* MMQGraphViewController.xib in Resources */,
				EBB71336154A43DC00B69CD8 /* iPadWindow.xib in Resources */,
				EBA59F66154A517B005E844D /* MMQGraphViewController_iPad.xib in Resources */,
			);
			runOnlyForDeploymentPostprocessing = 0;
		};
/* End PBXResourcesBuildPhase section */

/* Begin PBXSourcesBuildPhase section */
		EBF948CB13811F7000F09B86 /* Sources */ = {
			isa = PBXSourcesBuildPhase;
			buildActionMask = 2147483647;
			files = (
				EBF948E113811F7000F09B86 /* main.m in Sources */,
				EBF948E413811F7000F09B86 /* MMQAppDelegate.m in Sources */,
				EBF948EA13811F7000F09B86 /* MMQViewController.m in Sources */,
				EB859ECA148D8CC0003DD0F6 /* MMQPointCell.m in Sources */,
				EB794A0B148D9A06008A4E1E /* MMQPointDetailViewController.m in Sources */,
				EB77CB7515489327000FBCC8 /* MMQGraphViewController.m in Sources */,
			);
			runOnlyForDeploymentPostprocessing = 0;
		};
/* End PBXSourcesBuildPhase section */

/* Begin PBXTargetDependency section */
		EBB7131F154A2E1800B69CD8 /* PBXTargetDependency */ = {
			isa = PBXTargetDependency;
			name = "CorePlot-CocoaTouch";
			targetProxy = EBB7131E154A2E1800B69CD8 /* PBXContainerItemProxy */;
		};
/* End PBXTargetDependency section */

/* Begin PBXVariantGroup section */
		EBF948DC13811F7000F09B86 /* InfoPlist.strings */ = {
			isa = PBXVariantGroup;
			children = (
				EBF948DD13811F7000F09B86 /* en */,
			);
			name = InfoPlist.strings;
			sourceTree = "<group>";
		};
		EBF948E513811F7000F09B86 /* iPhoneWindow.xib */ = {
			isa = PBXVariantGroup;
			children = (
				EBF948E613811F7000F09B86 /* en */,
			);
			name = iPhoneWindow.xib;
			path = MMQ;
			sourceTree = "<group>";
		};
		EBF948EB13811F7000F09B86 /* MMQViewController.xib */ = {
			isa = PBXVariantGroup;
			children = (
				EBF948EC13811F7000F09B86 /* en */,
			);
			name = MMQViewController.xib;
			path = MMQ;
			sourceTree = "<group>";
		};
		EBF948FC13811F7100F09B86 /* InfoPlist.strings */ = {
			isa = PBXVariantGroup;
			children = (
				EBF948FD13811F7100F09B86 /* en */,
			);
			name = InfoPlist.strings;
			sourceTree = "<group>";
		};
/* End PBXVariantGroup section */

/* Begin XCBuildConfiguration section */
		EBF9490413811F7100F09B86 /* Debug */ = {
			isa = XCBuildConfiguration;
			buildSettings = {
				ARCHS = (
					armv6,
					armv7,
				);
				CODE_SIGN_IDENTITY = "iPhone Developer";
				GCC_C_LANGUAGE_STANDARD = gnu99;
				GCC_OPTIMIZATION_LEVEL = 0;
				GCC_PREPROCESSOR_DEFINITIONS = DEBUG;
				GCC_SYMBOLS_PRIVATE_EXTERN = NO;
				GCC_THUMB_SUPPORT = NO;
				GCC_VERSION = com.apple.compilers.llvmgcc42;
				GCC_WARN_ABOUT_RETURN_TYPE = YES;
				GCC_WARN_UNUSED_VARIABLE = YES;
				IPHONEOS_DEPLOYMENT_TARGET = 4.1;
				OTHER_LDFLAGS = "-ObjC";
				PROVISIONING_PROFILE = "";
				SDKROOT = iphoneos;
			};
			name = Debug;
		};
		EBF9490513811F7100F09B86 /* Release */ = {
			isa = XCBuildConfiguration;
			buildSettings = {
				ARCHS = (
					armv6,
					armv7,
				);
				CODE_SIGN_IDENTITY = "iPhone Developer";
				GCC_C_LANGUAGE_STANDARD = gnu99;
				GCC_THUMB_SUPPORT = NO;
				GCC_VERSION = com.apple.compilers.llvmgcc42;
				GCC_WARN_ABOUT_RETURN_TYPE = YES;
				GCC_WARN_UNUSED_VARIABLE = YES;
				IPHONEOS_DEPLOYMENT_TARGET = 4.1;
				OTHER_CFLAGS = "-DNS_BLOCK_ASSERTIONS=1";
				OTHER_LDFLAGS = "-ObjC";
				PROVISIONING_PROFILE = "";
				SDKROOT = iphoneos;
			};
			name = Release;
		};
		EBF9490713811F7100F09B86 /* Debug */ = {
			isa = XCBuildConfiguration;
			buildSettings = {
				ALWAYS_SEARCH_USER_PATHS = YES;
				CLANG_ENABLE_OBJC_ARC = YES;
				CODE_SIGN_IDENTITY = "iPhone Developer";
				COPY_PHASE_STRIP = NO;
				GCC_DYNAMIC_NO_PIC = NO;
				GCC_PRECOMPILE_PREFIX_HEADER = YES;
				GCC_PREFIX_HEADER = "MMQ/MMQ-Prefix.pch";
				GCC_THUMB_SUPPORT = NO;
				GCC_VERSION = com.apple.compilers.llvm.clang.1_0;
				HEADER_SEARCH_PATHS = "/Users/pedro/Downloads/CorePlot_1.0/Binaries/iOS/**";
				INFOPLIST_FILE = "MMQ/MMQ-Info.plist";
				IPHONEOS_DEPLOYMENT_TARGET = 4.2;
				LIBRARY_SEARCH_PATHS = (
					"$(inherited)",
					"\"$(SRCROOT)/../../../Downloads/CorePlot_1.0/Binaries/iOS\"",
				);
				ONLY_ACTIVE_ARCH = YES;
				PRODUCT_NAME = "$(TARGET_NAME)";
				PROVISIONING_PROFILE = "";
				TARGETED_DEVICE_FAMILY = "1,2";
				WRAPPER_EXTENSION = app;
			};
			name = Debug;
		};
		EBF9490813811F7100F09B86 /* Release */ = {
			isa = XCBuildConfiguration;
			buildSettings = {
				ALWAYS_SEARCH_USER_PATHS = YES;
				CLANG_ENABLE_OBJC_ARC = YES;
				CODE_SIGN_IDENTITY = "iPhone Developer";
				COPY_PHASE_STRIP = YES;
				GCC_PRECOMPILE_PREFIX_HEADER = YES;
				GCC_PREFIX_HEADER = "MMQ/MMQ-Prefix.pch";
				GCC_THUMB_SUPPORT = NO;
				GCC_VERSION = com.apple.compilers.llvm.clang.1_0;
				HEADER_SEARCH_PATHS = "/Users/pedro/Downloads/CorePlot_1.0/Binaries/iOS/**";
				INFOPLIST_FILE = "MMQ/MMQ-Info.plist";
				IPHONEOS_DEPLOYMENT_TARGET = 4.2;
				LIBRARY_SEARCH_PATHS = (
					"$(inherited)",
					"\"$(SRCROOT)/../../../Downloads/CorePlot_1.0/Binaries/iOS\"",
				);
				ONLY_ACTIVE_ARCH = YES;
				PRODUCT_NAME = "$(TARGET_NAME)";
				PROVISIONING_PROFILE = "";
				TARGETED_DEVICE_FAMILY = "1,2";
				VALIDATE_PRODUCT = YES;
				WRAPPER_EXTENSION = app;
			};
			name = Release;
		};
/* End XCBuildConfiguration section */

/* Begin XCConfigurationList section */
		EBF948C913811F7000F09B86 /* Build configuration list for PBXProject "MMQ" */ = {
			isa = XCConfigurationList;
			buildConfigurations = (
				EBF9490413811F7100F09B86 /* Debug */,
				EBF9490513811F7100F09B86 /* Release */,
			);
			defaultConfigurationIsVisible = 0;
			defaultConfigurationName = Release;
		};
		EBF9490613811F7100F09B86 /* Build configuration list for PBXNativeTarget "MMQ" */ = {
			isa = XCConfigurationList;
			buildConfigurations = (
				EBF9490713811F7100F09B86 /* Debug */,
				EBF9490813811F7100F09B86 /* Release */,
			);
			defaultConfigurationIsVisible = 0;
			defaultConfigurationName = Release;
		};
/* End XCConfigurationList section */
	};
	rootObject = EBF948C613811F7000F09B86 /* Project object */;
}
